
Microsoft Visual Studio Solution File, Format Version 12.00
# Visual Studio Version 16
VisualStudioVersion = 16.0.30320.27
MinimumVisualStudioVersion = 10.0.40219.1
Project("{FAE04EC0-301F-11D3-BF4B-00C04F79EFBC}") = "VagrantHatesNormies", "VagrantHatesNormies\VagrantHatesNormies.csproj", "{4C1976BA-85EE-4238-BB12-C442D332B9C3}"
EndProject
Global
	GlobalSection(SolutionConfigurationPlatforms) = preSolution
		Debug|Any CPU = Debug|Any CPU
		Release|Any CPU = Release|Any CPU
	EndGlobalSection
	GlobalSection(ProjectConfigurationPlatforms) = postSolution
		{4C1976BA-85EE-4238-BB12-C442D332B9C3}.Debug|Any CPU.ActiveCfg = Debug|Any CPU
		{4C1976BA-85EE-4238-BB12-C442D332B9C3}.Debug|Any CPU.Build.0 = Debug|Any CPU
		{4C1976BA-85EE-4238-BB12-C442D332B9C3}.Release|Any CPU.ActiveCfg = Release|Any CPU
		{4C1976BA-85EE-4238-BB12-C442D332B9C3}.Release|Any CPU.Build.0 = Release|Any CPU
	EndGlobalSection
	GlobalSection(SolutionProperties) = preSolution
		HideSolutionNode = FALSE
	EndGlobalSection
	GlobalSection(ExtensibilityGlobals) = postSolution
		SolutionGuid = {118797B3-9DAB-4DCD-9FBF-A18BDD64FB3C}
	EndGlobalSection
EndGlobal
